// !$*UTF8*$!
{
	archiveVersion = 1;
	classes = {
	};
	objectVersion = 50;
	objects = {

/* Begin PBXBuildFile section */
		F2C5E60C27C01D3500E9F92E /* CreateViewController.swift in Sources */ = {isa = PBXBuildFile; fileRef = F2C5E60A27C01D3500E9F92E /* CreateViewController.swift */; };
		F2C5E60D27C01D3500E9F92E /* CreateViewController.xib in Resources */ = {isa = PBXBuildFile; fileRef = F2C5E60B27C01D3500E9F92E /* CreateViewController.xib */; };
		F2C5E61027C01D4800E9F92E /* EditViewController.swift in Sources */ = {isa = PBXBuildFile; fileRef = F2C5E60E27C01D4800E9F92E /* EditViewController.swift */; };
		F2C5E61127C01D4800E9F92E /* EditViewController.xib in Resources */ = {isa = PBXBuildFile; fileRef = F2C5E60F27C01D4800E9F92E /* EditViewController.xib */; };
		F2C5E61327C01ECC00E9F92E /* BaseViewController.swift in Sources */ = {isa = PBXBuildFile; fileRef = F2C5E61227C01ECC00E9F92E /* BaseViewController.swift */; };
		F2C5E61527C0207A00E9F92E /* Contact.swift in Sources */ = {isa = PBXBuildFile; fileRef = F2C5E61427C0207A00E9F92E /* Contact.swift */; };
		F2C5E61827C021E300E9F92E /* ContactTableViewCell.swift in Sources */ = {isa = PBXBuildFile; fileRef = F2C5E61627C021E300E9F92E /* ContactTableViewCell.swift */; };
		F2C5E61927C021E300E9F92E /* ContactTableViewCell.xib in Resources */ = {isa = PBXBuildFile; fileRef = F2C5E61727C021E300E9F92E /* ContactTableViewCell.xib */; };
		F2E5BA3E27BED312007D63E4 /* AppDelegate.swift in Sources */ = {isa = PBXBuildFile; fileRef = F2E5BA3D27BED312007D63E4 /* AppDelegate.swift */; };
		F2E5BA4027BED312007D63E4 /* SceneDelegate.swift in Sources */ = {isa = PBXBuildFile; fileRef = F2E5BA3F27BED312007D63E4 /* SceneDelegate.swift */; };
		F2E5BA4527BED312007D63E4 /* Main.storyboard in Resources */ = {isa = PBXBuildFile; fileRef = F2E5BA4327BED312007D63E4 /* Main.storyboard */; };
		F2E5BA4727BED318007D63E4 /* Assets.xcassets in Resources */ = {isa = PBXBuildFile; fileRef = F2E5BA4627BED318007D63E4 /* Assets.xcassets */; };
		F2E5BA4A27BED318007D63E4 /* LaunchScreen.storyboard in Resources */ = {isa = PBXBuildFile; fileRef = F2E5BA4827BED318007D63E4 /* LaunchScreen.storyboard */; };
		F2F2880227BED5AA001A2401 /* HomeViewController.swift in Sources */ = {isa = PBXBuildFile; fileRef = F2F2880027BED5AA001A2401 /* HomeViewController.swift */; };
		F2F2880327BED5AA001A2401 /* HomeViewController.xib in Resources */ = {isa = PBXBuildFile; fileRef = F2F2880127BED5AA001A2401 /* HomeViewController.xib */; };
/* End PBXBuildFile section */

/* Begin PBXFileReference section */
		F2C5E60A27C01D3500E9F92E /* CreateViewController.swift */ = {isa = PBXFileReference; lastKnownFileType = sourcecode.swift; path = CreateViewController.swift; sourceTree = "<group>"; };
		F2C5E60B27C01D3500E9F92E /* CreateViewController.xib */ = {isa = PBXFileReference; lastKnownFileType = file.xib; path = CreateViewController.xib; sourceTree = "<group>"; };
		F2C5E60E27C01D4800E9F92E /* EditViewController.swift */ = {isa = PBXFileReference; lastKnownFileType = sourcecode.swift; path = EditViewController.swift; sourceTree = "<group>"; };
		F2C5E60F27C01D4800E9F92E /* EditViewController.xib */ = {isa = PBXFileReference; lastKnownFileType = file.xib; path = EditViewController.xib; sourceTree = "<group>"; };
		F2C5E61227C01ECC00E9F92E /* BaseViewController.swift */ = {isa = PBXFileReference; lastKnownFileType = sourcecode.swift; path = BaseViewController.swift; sourceTree = "<group>"; };
		F2C5E61427C0207A00E9F92E /* Contact.swift */ = {isa = PBXFileReference; lastKnownFileType = sourcecode.swift; path = Contact.swift; sourceTree = "<group>"; };
		F2C5E61627C021E300E9F92E /* ContactTableViewCell.swift */ = {isa = PBXFileReference; lastKnownFileType = sourcecode.swift; path = ContactTableViewCell.swift; sourceTree = "<group>"; };
		F2C5E61727C021E300E9F92E /* ContactTableViewCell.xib */ = {isa = PBXFileReference; lastKnownFileType = file.xib; path = ContactTableViewCell.xib; sourceTree = "<group>"; };
		F2E5BA3A27BED312007D63E4 /* PDP_StoryboardContact.app */ = {isa = PBXFileReference; explicitFileType = wrapper.application; includeInIndex = 0; path = PDP_StoryboardContact.app; sourceTree = BUILT_PRODUCTS_DIR; };
		F2E5BA3D27BED312007D63E4 /* AppDelegate.swift */ = {isa = PBXFileReference; lastKnownFileType = sourcecode.swift; path = AppDelegate.swift; sourceTree = "<group>"; };
		F2E5BA3F27BED312007D63E4 /* SceneDelegate.swift */ = {isa = PBXFileReference; lastKnownFileType = sourcecode.swift; path = SceneDelegate.swift; sourceTree = "<group>"; };
		F2E5BA4427BED312007D63E4 /* Base */ = {isa = PBXFileReference; lastKnownFileType = file.storyboard; name = Base; path = Base.lproj/Main.storyboard; sourceTree = "<group>"; };
		F2E5BA4627BED318007D63E4 /* Assets.xcassets */ = {isa = PBXFileReference; lastKnownFileType = folder.assetcatalog; path = Assets.xcassets; sourceTree = "<group>"; };
		F2E5BA4927BED318007D63E4 /* Base */ = {isa = PBXFileReference; lastKnownFileType = file.storyboard; name = Base; path = Base.lproj/LaunchScreen.storyboard; sourceTree = "<group>"; };
		F2E5BA4B27BED318007D63E4 /* Info.plist */ = {isa = PBXFileReference; lastKnownFileType = text.plist.xml; path = Info.plist; sourceTree = "<group>"; };
		F2F2880027BED5AA001A2401 /* HomeViewController.swift */ = {isa = PBXFileReference; lastKnownFileType = sourcecode.swift; path = HomeViewController.swift; sourceTree = "<group>"; tabWidth = 4; };
		F2F2880127BED5AA001A2401 /* HomeViewController.xib */ = {isa = PBXFileReference; lastKnownFileType = file.xib; path = HomeViewController.xib; sourceTree = "<group>"; };
/* End PBXFileReference section */

/* Begin PBXFrameworksBuildPhase section */
		F2E5BA3727BED312007D63E4 /* Frameworks */ = {
			isa = PBXFrameworksBuildPhase;
			buildActionMask = 2147483647;
			files = (
			);
			runOnlyForDeploymentPostprocessing = 0;
		};
/* End PBXFrameworksBuildPhase section */

/* Begin PBXGroup section */
		F2E5BA3127BED312007D63E4 = {
			isa = PBXGroup;
			children = (
				F2E5BA3C27BED312007D63E4 /* PDP_StoryboardContact */,
				F2E5BA3B27BED312007D63E4 /* Products */,
			);
			sourceTree = "<group>";
		};
		F2E5BA3B27BED312007D63E4 /* Products */ = {
			isa = PBXGroup;
			children = (
				F2E5BA3A27BED312007D63E4 /* PDP_StoryboardContact.app */,
			);
			name = Products;
			sourceTree = "<group>";
		};
		F2E5BA3C27BED312007D63E4 /* PDP_StoryboardContact */ = {
			isa = PBXGroup;
			children = (
				F2F287FE27BED4F4001A2401 /* Controllers */,
				F2F287FD27BED4EC001A2401 /* Cells */,
				F2F287FC27BED4E4001A2401 /* Models */,
				F2F287FF27BED4FF001A2401 /* Apputils */,
				F2E5BA3D27BED312007D63E4 /* AppDelegate.swift */,
				F2E5BA3F27BED312007D63E4 /* SceneDelegate.swift */,
				F2E5BA4B27BED318007D63E4 /* Info.plist */,
			);
			path = PDP_StoryboardContact;
			sourceTree = "<group>";
		};
		F2F287FC27BED4E4001A2401 /* Models */ = {
			isa = PBXGroup;
			children = (
				F2C5E61427C0207A00E9F92E /* Contact.swift */,
			);
			path = Models;
			sourceTree = "<group>";
		};
		F2F287FD27BED4EC001A2401 /* Cells */ = {
			isa = PBXGroup;
			children = (
				F2C5E61627C021E300E9F92E /* ContactTableViewCell.swift */,
				F2C5E61727C021E300E9F92E /* ContactTableViewCell.xib */,
			);
			path = Cells;
			sourceTree = "<group>";
		};
		F2F287FE27BED4F4001A2401 /* Controllers */ = {
			isa = PBXGroup;
			children = (
				F2C5E61227C01ECC00E9F92E /* BaseViewController.swift */,
				F2F2880027BED5AA001A2401 /* HomeViewController.swift */,
				F2F2880127BED5AA001A2401 /* HomeViewController.xib */,
				F2C5E60A27C01D3500E9F92E /* CreateViewController.swift */,
				F2C5E60B27C01D3500E9F92E /* CreateViewController.xib */,
				F2C5E60E27C01D4800E9F92E /* EditViewController.swift */,
				F2C5E60F27C01D4800E9F92E /* EditViewController.xib */,
			);
			path = Controllers;
			sourceTree = "<group>";
		};
		F2F287FF27BED4FF001A2401 /* Apputils */ = {
			isa = PBXGroup;
			children = (
				F2E5BA4627BED318007D63E4 /* Assets.xcassets */,
				F2E5BA4327BED312007D63E4 /* Main.storyboard */,
				F2E5BA4827BED318007D63E4 /* LaunchScreen.storyboard */,
			);
			path = Apputils;
			sourceTree = "<group>";
		};
/* End PBXGroup section */

/* Begin PBXNativeTarget section */
		F2E5BA3927BED312007D63E4 /* PDP_StoryboardContact */ = {
			isa = PBXNativeTarget;
			buildConfigurationList = F2E5BA4E27BED318007D63E4 /* Build configuration list for PBXNativeTarget "PDP_StoryboardContact" */;
			buildPhases = (
				F2E5BA3627BED312007D63E4 /* Sources */,
				F2E5BA3727BED312007D63E4 /* Frameworks */,
				F2E5BA3827BED312007D63E4 /* Resources */,
			);
			buildRules = (
			);
			dependencies = (
			);
			name = PDP_StoryboardContact;
			productName = PDP_StoryboardContact;
			productReference = F2E5BA3A27BED312007D63E4 /* PDP_StoryboardContact.app */;
			productType = "com.apple.product-type.application";
		};
/* End PBXNativeTarget section */

/* Begin PBXProject section */
		F2E5BA3227BED312007D63E4 /* Project object */ = {
			isa = PBXProject;
			attributes = {
				LastSwiftUpdateCheck = 1250;
				LastUpgradeCheck = 1250;
				TargetAttributes = {
					F2E5BA3927BED312007D63E4 = {
						CreatedOnToolsVersion = 12.5.1;
					};
				};
			};
			buildConfigurationList = F2E5BA3527BED312007D63E4 /* Build configuration list for PBXProject "PDP_StoryboardContact" */;
			compatibilityVersion = "Xcode 9.3";
			developmentRegion = en;
			hasScannedForEncodings = 0;
			knownRegions = (
				en,
				Base,
			);
			mainGroup = F2E5BA3127BED312007D63E4;
			productRefGroup = F2E5BA3B27BED312007D63E4 /* Products */;
			projectDirPath = "";
			projectRoot = "";
			targets = (
				F2E5BA3927BED312007D63E4 /* PDP_StoryboardContact */,
			);
		};
/* End PBXProject section */

/* Begin PBXResourcesBuildPhase section */
		F2E5BA3827BED312007D63E4 /* Resources */ = {
			isa = PBXResourcesBuildPhase;
			buildActionMask = 2147483647;
			files = (
				F2C5E61127C01D4800E9F92E /* EditViewController.xib in Resources */,
				F2E5BA4A27BED318007D63E4 /* LaunchScreen.storyboard in Resources */,
				F2C5E61927C021E300E9F92E /* ContactTableViewCell.xib in Resources */,
				F2C5E60D27C01D3500E9F92E /* CreateViewController.xib in Resources */,
				F2E5BA4727BED318007D63E4 /* Assets.xcassets in Resources */,
				F2F2880327BED5AA001A2401 /* HomeViewController.xib in Resources */,
				F2E5BA4527BED312007D63E4 /* Main.storyboard in Resources */,
			);
			runOnlyForDeploymentPostprocessing = 0;
		};
/* End PBXResourcesBuildPhase section */

/* Begin PBXSourcesBuildPhase section */
		F2E5BA3627BED312007D63E4 /* Sources */ = {
			isa = PBXSourcesBuildPhase;
			buildActionMask = 2147483647;
			files = (
				F2C5E61027C01D4800E9F92E /* EditViewController.swift in Sources */,
				F2C5E60C27C01D3500E9F92E /* CreateViewController.swift in Sources */,
				F2E5BA3E27BED312007D63E4 /* AppDelegate.swift in Sources */,
				F2F2880227BED5AA001A2401 /* HomeViewController.swift in Sources */,
				F2C5E61827C021E300E9F92E /* ContactTableViewCell.swift in Sources */,
				F2E5BA4027BED312007D63E4 /* SceneDelegate.swift in Sources */,
				F2C5E61527C0207A00E9F92E /* Contact.swift in Sources */,
				F2C5E61327C01ECC00E9F92E /* BaseViewController.swift in Sources */,
			);
			runOnlyForDeploymentPostprocessing = 0;
		};
/* End PBXSourcesBuildPhase section */

/* Begin PBXVariantGroup section */
		F2E5BA4327BED312007D63E4 /* Main.storyboard */ = {
			isa = PBXVariantGroup;
			children = (
				F2E5BA4427BED312007D63E4 /* Base */,
			);
			name = Main.storyboard;
			sourceTree = "<group>";
		};
		F2E5BA4827BED318007D63E4 /* LaunchScreen.storyboard */ = {
			isa = PBXVariantGroup;
			children = (
				F2E5BA4927BED318007D63E4 /* Base */,
			);
			name = LaunchScreen.storyboard;
			sourceTree = "<group>";
		};
/* End PBXVariantGroup section */

/* Begin XCBuildConfiguration section */
		F2E5BA4C27BED318007D63E4 /* Debug */ = {
			isa = XCBuildConfiguration;
			buildSettings = {
				ALWAYS_SEARCH_USER_PATHS = NO;
				CLANG_ANALYZER_NONNULL = YES;
				CLANG_ANALYZER_NUMBER_OBJECT_CONVERSION = YES_AGGRESSIVE;
				CLANG_CXX_LANGUAGE_STANDARD = "gnu++14";
				CLANG_CXX_LIBRARY = "libc++";
				CLANG_ENABLE_MODULES = YES;
				CLANG_ENABLE_OBJC_ARC = YES;
				CLANG_ENABLE_OBJC_WEAK = YES;
				CLANG_WARN_BLOCK_CAPTURE_AUTORELEASING = YES;
				CLANG_WARN_BOOL_CONVERSION = YES;
				CLANG_WARN_COMMA = YES;
				CLANG_WARN_CONSTANT_CONVERSION = YES;
				CLANG_WARN_DEPRECATED_OBJC_IMPLEMENTATIONS = YES;
				CLANG_WARN_DIRECT_OBJC_ISA_USAGE = YES_ERROR;
				CLANG_WARN_DOCUMENTATION_COMMENTS = YES;
				CLANG_WARN_EMPTY_BODY = YES;
				CLANG_WARN_ENUM_CONVERSION = YES;
				CLANG_WARN_INFINITE_RECURSION = YES;
				CLANG_WARN_INT_CONVERSION = YES;
				CLANG_WARN_NON_LITERAL_NULL_CONVERSION = YES;
				CLANG_WARN_OBJC_IMPLICIT_RETAIN_SELF = YES;
				CLANG_WARN_OBJC_LITERAL_CONVERSION = YES;
				CLANG_WARN_OBJC_ROOT_CLASS = YES_ERROR;
				CLANG_WARN_QUOTED_INCLUDE_IN_FRAMEWORK_HEADER = YES;
				CLANG_WARN_RANGE_LOOP_ANALYSIS = YES;
				CLANG_WARN_STRICT_PROTOTYPES = YES;
				CLANG_WARN_SUSPICIOUS_MOVE = YES;
				CLANG_WARN_UNGUARDED_AVAILABILITY = YES_AGGRESSIVE;
				CLANG_WARN_UNREACHABLE_CODE = YES;
				CLANG_WARN__DUPLICATE_METHOD_MATCH = YES;
				COPY_PHASE_STRIP = NO;
				DEBUG_INFORMATION_FORMAT = dwarf;
				ENABLE_STRICT_OBJC_MSGSEND = YES;
				ENABLE_TESTABILITY = YES;
				GCC_C_LANGUAGE_STANDARD = gnu11;
				GCC_DYNAMIC_NO_PIC = NO;
				GCC_NO_COMMON_BLOCKS = YES;
				GCC_OPTIMIZATION_LEVEL = 0;
				GCC_PREPROCESSOR_DEFINITIONS = (
					"DEBUG=1",
					"$(inherited)",
				);
				GCC_WARN_64_TO_32_BIT_CONVERSION = YES;
				GCC_WARN_ABOUT_RETURN_TYPE = YES_ERROR;
				GCC_WARN_UNDECLARED_SELECTOR = YES;
				GCC_WARN_UNINITIALIZED_AUTOS = YES_AGGRESSIVE;
				GCC_WARN_UNUSED_FUNCTION = YES;
				GCC_WARN_UNUSED_VARIABLE = YES;
				IPHONEOS_DEPLOYMENT_TARGET = 14.5;
				MTL_ENABLE_DEBUG_INFO = INCLUDE_SOURCE;
				MTL_FAST_MATH = YES;
				ONLY_ACTIVE_ARCH = YES;
				SDKROOT = iphoneos;
				SWIFT_ACTIVE_COMPILATION_CONDITIONS = DEBUG;
				SWIFT_OPTIMIZATION_LEVEL = "-Onone";
			};
			name = Debug;
		};
		F2E5BA4D27BED318007D63E4 /* Release */ = {
			isa = XCBuildConfiguration;
			buildSettings = {
				ALWAYS_SEARCH_USER_PATHS = NO;
				CLANG_ANALYZER_NONNULL = YES;
				CLANG_ANALYZER_NUMBER_OBJECT_CONVERSION = YES_AGGRESSIVE;
				CLANG_CXX_LANGUAGE_STANDARD = "gnu++14";
				CLANG_CXX_LIBRARY = "libc++";
				CLANG_ENABLE_MODULES = YES;
				CLANG_ENABLE_OBJC_ARC = YES;
				CLANG_ENABLE_OBJC_WEAK = YES;
				CLANG_WARN_BLOCK_CAPTURE_AUTORELEASING = YES;
				CLANG_WARN_BOOL_CONVERSION = YES;
				CLANG_WARN_COMMA = YES;
				CLANG_WARN_CONSTANT_CONVERSION = YES;
				CLANG_WARN_DEPRECATED_OBJC_IMPLEMENTATIONS = YES;
				CLANG_WARN_DIRECT_OBJC_ISA_USAGE = YES_ERROR;
				CLANG_WARN_DOCUMENTATION_COMMENTS = YES;
				CLANG_WARN_EMPTY_BODY = YES;
				CLANG_WARN_ENUM_CONVERSION = YES;
				CLANG_WARN_INFINITE_RECURSION = YES;
				CLANG_WARN_INT_CONVERSION = YES;
				CLANG_WARN_NON_LITERAL_NULL_CONVERSION = YES;
				CLANG_WARN_OBJC_IMPLICIT_RETAIN_SELF = YES;
				CLANG_WARN_OBJC_LITERAL_CONVERSION = YES;
				CLANG_WARN_OBJC_ROOT_CLASS = YES_ERROR;
				CLANG_WARN_QUOTED_INCLUDE_IN_FRAMEWORK_HEADER = YES;
				CLANG_WARN_RANGE_LOOP_ANALYSIS = YES;
				CLANG_WARN_STRICT_PROTOTYPES = YES;
				CLANG_WARN_SUSPICIOUS_MOVE = YES;
				CLANG_WARN_UNGUARDED_AVAILABILITY = YES_AGGRESSIVE;
				CLANG_WARN_UNREACHABLE_CODE = YES;
				CLANG_WARN__DUPLICATE_METHOD_MATCH = YES;
				COPY_PHASE_STRIP = NO;
				DEBUG_INFORMATION_FORMAT = "dwarf-with-dsym";
				ENABLE_NS_ASSERTIONS = NO;
				ENABLE_STRICT_OBJC_MSGSEND = YES;
				GCC_C_LANGUAGE_STANDARD = gnu11;
				GCC_NO_COMMON_BLOCKS = YES;
				GCC_WARN_64_TO_32_BIT_CONVERSION = YES;
				GCC_WARN_ABOUT_RETURN_TYPE = YES_ERROR;
				GCC_WARN_UNDECLARED_SELECTOR = YES;
				GCC_WARN_UNINITIALIZED_AUTOS = YES_AGGRESSIVE;
				GCC_WARN_UNUSED_FUNCTION = YES;
				GCC_WARN_UNUSED_VARIABLE = YES;
				IPHONEOS_DEPLOYMENT_TARGET = 14.5;
				MTL_ENABLE_DEBUG_INFO = NO;
				MTL_FAST_MATH = YES;
				SDKROOT = iphoneos;
				SWIFT_COMPILATION_MODE = wholemodule;
				SWIFT_OPTIMIZATION_LEVEL = "-O";
				VALIDATE_PRODUCT = YES;
			};
			name = Release;
		};
		F2E5BA4F27BED318007D63E4 /* Debug */ = {
			isa = XCBuildConfiguration;
			buildSettings = {
				ASSETCATALOG_COMPILER_APPICON_NAME = AppIcon;
				ASSETCATALOG_COMPILER_GLOBAL_ACCENT_COLOR_NAME = AccentColor;
				CODE_SIGN_STYLE = Automatic;
				DEVELOPMENT_TEAM = LWVBT323AX;
				INFOPLIST_FILE = PDP_StoryboardContact/Info.plist;
				LD_RUNPATH_SEARCH_PATHS = (
					"$(inherited)",
					"@executable_path/Frameworks",
				);
				PRODUCT_BUNDLE_IDENTIFIER = "spy-go-fast.PDP-StoryboardContact";
				PRODUCT_NAME = "$(TARGET_NAME)";
				SWIFT_VERSION = 5.0;
				TARGETED_DEVICE_FAMILY = "1,2";
			};
			name = Debug;
		};
		F2E5BA5027BED318007D63E4 /* Release */ = {
			isa = XCBuildConfiguration;
			buildSettings = {
				ASSETCATALOG_COMPILER_APPICON_NAME = AppIcon;
				ASSETCATALOG_COMPILER_GLOBAL_ACCENT_COLOR_NAME = AccentColor;
				CODE_SIGN_STYLE = Automatic;
				DEVELOPMENT_TEAM = LWVBT323AX;
				INFOPLIST_FILE = PDP_StoryboardContact/Info.plist;
				LD_RUNPATH_SEARCH_PATHS = (
					"$(inherited)",
					"@executable_path/Frameworks",
				);
				PRODUCT_BUNDLE_IDENTIFIER = "spy-go-fast.PDP-StoryboardContact";
				PRODUCT_NAME = "$(TARGET_NAME)";
				SWIFT_VERSION = 5.0;
				TARGETED_DEVICE_FAMILY = "1,2";
			};
			name = Release;
		};
/* End XCBuildConfiguration section */

/* Begin XCConfigurationList section */
		F2E5BA3527BED312007D63E4 /* Build configuration list for PBXProject "PDP_StoryboardContact" */ = {
			isa = XCConfigurationList;
			buildConfigurations = (
				F2E5BA4C27BED318007D63E4 /* Debug */,
				F2E5BA4D27BED318007D63E4 /* Release */,
			);
			defaultConfigurationIsVisible = 0;
			defaultConfigurationName = Release;
		};
		F2E5BA4E27BED318007D63E4 /* Build configuration list for PBXNativeTarget "PDP_StoryboardContact" */ = {
			isa = XCConfigurationList;
			buildConfigurations = (
				F2E5BA4F27BED318007D63E4 /* Debug */,
				F2E5BA5027BED318007D63E4 /* Release */,
			);
			defaultConfigurationIsVisible = 0;
			defaultConfigurationName = Release;
		};
/* End XCConfigurationList section */
	};
	rootObject = F2E5BA3227BED312007D63E4 /* Project object */;
}
